{
    "version": 3,
    "terraform_version": "0.11.11",
    "serial": 2,
    "lineage": "d908ca35-1b5e-8064-ea9a-e8a638d148da",
    "modules": [
        {
            "path": [
                "root"
            ],
            "outputs": {
                "Apache-Tomcat URL": {
                    "sensitive": false,
                    "type": "string",
                    "value": "18.223.102.188:8080"
                },
                "PrivateIP": {
                    "sensitive": false,
                    "type": "string",
                    "value": "172.31.25.37"
                }
            },
            "resources": {
                "aws_instance.ApacheServer2": {
                    "type": "aws_instance",
                    "depends_on": [],
                    "primary": {
                        "id": "i-02af86c65edec500e",
                        "attributes": {
                            "ami": "ami-0f65671a86f061fcd",
                            "arn": "arn:aws:ec2:us-east-2:547622496654:instance/i-02af86c65edec500e",
                            "associate_public_ip_address": "true",
                            "availability_zone": "us-east-2b",
                            "cpu_core_count": "1",
                            "cpu_threads_per_core": "1",
                            "credit_specification.#": "1",
                            "credit_specification.0.cpu_credits": "standard",
                            "disable_api_termination": "false",
                            "ebs_block_device.#": "0",
                            "ebs_optimized": "false",
                            "ephemeral_block_device.#": "0",
                            "get_password_data": "false",
                            "iam_instance_profile": "",
                            "id": "i-02af86c65edec500e",
                            "instance_state": "running",
                            "instance_type": "t2.micro",
                            "ipv6_addresses.#": "0",
                            "key_name": "kspaws230219",
                            "monitoring": "false",
                            "network_interface.#": "0",
                            "password_data": "",
                            "placement_group": "",
                            "primary_network_interface_id": "eni-04c5b2bb802af887c",
                            "private_dns": "ip-172-31-25-37.us-east-2.compute.internal",
                            "private_ip": "172.31.25.37",
                            "public_dns": "ec2-18-223-102-188.us-east-2.compute.amazonaws.com",
                            "public_ip": "18.223.102.188",
                            "root_block_device.#": "1",
                            "root_block_device.0.delete_on_termination": "true",
                            "root_block_device.0.iops": "100",
                            "root_block_device.0.volume_id": "vol-0787844a6418dfce2",
                            "root_block_device.0.volume_size": "8",
                            "root_block_device.0.volume_type": "gp2",
                            "security_groups.#": "1",
                            "security_groups.728322026": "kspsg1",
                            "source_dest_check": "true",
                            "subnet_id": "subnet-c91a71b3",
                            "tags.%": "1",
                            "tags.Name": "ApacheServer2",
                            "tenancy": "default",
                            "volume_tags.%": "0",
                            "vpc_security_group_ids.#": "1",
                            "vpc_security_group_ids.2626187672": "sg-03f1b4ecbad3c31a9"
                        },
                        "meta": {
                            "e2bfb730-ecaa-11e6-8f88-34363bc7c4c0": {
                                "create": 600000000000,
                                "delete": 1200000000000,
                                "update": 600000000000
                            },
                            "schema_version": "1"
                        },
                        "tainted": false
                    },
                    "deposed": [],
                    "provider": "provider.aws"
                }
            },
            "depends_on": []
        }
    ]
}
